<Solution>
  <Project Path="FlexSpace.BLL/FlexSpace.BLL.csproj" />
  <Project Path="FlexSpace.DAL/FlexSpace.DAL.csproj" />
  <Project Path="FlexSpace.Entidades/FlexSpace.Entidades.csproj" Id="f4cb606b-bb80-49ad-bc2a-72b4a4db4926" />
  <Project Path="FlexSpace.UI/FlexSpace.UI.csproj" />
</Solution>
